
Microsoft Visual Studio Solution File, Format Version 12.00
# Visual Studio Version 17
VisualStudioVersion = 17.2.32616.157
MinimumVisualStudioVersion = 10.0.40219.1
Project("{FAE04EC0-301F-11D3-BF4B-00C04F79EFBC}") = "P_HRM", "P_HRM\P_HRM.csproj", "{F2BE111B-FC0D-4EC4-8978-8705CF0E9083}"
EndProject
Global
	GlobalSection(SolutionConfigurationPlatforms) = preSolution
		Debug|Any CPU = Debug|Any CPU
		Release|Any CPU = Release|Any CPU
	EndGlobalSection
	GlobalSection(ProjectConfigurationPlatforms) = postSolution
		{F2BE111B-FC0D-4EC4-8978-8705CF0E9083}.Debug|Any CPU.ActiveCfg = Debug|Any CPU
		{F2BE111B-FC0D-4EC4-8978-8705CF0E9083}.Debug|Any CPU.Build.0 = Debug|Any CPU
		{F2BE111B-FC0D-4EC4-8978-8705CF0E9083}.Release|Any CPU.ActiveCfg = Release|Any CPU
		{F2BE111B-FC0D-4EC4-8978-8705CF0E9083}.Release|Any CPU.Build.0 = Release|Any CPU
	EndGlobalSection
	GlobalSection(SolutionProperties) = preSolution
		HideSolutionNode = FALSE
	EndGlobalSection
	GlobalSection(ExtensibilityGlobals) = postSolution
		SolutionGuid = {042221D6-9214-406C-A115-A80C6D63CB8A}
	EndGlobalSection
EndGlobal
